// !$*UTF8*$!
{
	archiveVersion = 1;
	classes = {
	};
	objectVersion = 56;
	objects = {

/* Begin PBXBuildFile section */
		2D5F9388290A631E0068CA98 /* TitleTableViewCell.swift in Sources */ = {isa = PBXBuildFile; fileRef = 2D5F9387290A631E0068CA98 /* TitleTableViewCell.swift */; };
		2D5F938C290A63C20068CA98 /* TItlePreviewViewModel.swift in Sources */ = {isa = PBXBuildFile; fileRef = 2D5F938B290A63C20068CA98 /* TItlePreviewViewModel.swift */; };
		2D5F938E290A63F20068CA98 /* TitleViewModel.swift in Sources */ = {isa = PBXBuildFile; fileRef = 2D5F938D290A63F20068CA98 /* TitleViewModel.swift */; };
		2D5F9394290AEF570068CA98 /* SearchResultsViewController.swift in Sources */ = {isa = PBXBuildFile; fileRef = 2D5F9393290AEF570068CA98 /* SearchResultsViewController.swift */; };
		2D5F9396290AF1F40068CA98 /* TitlePreviewViewController.swift in Sources */ = {isa = PBXBuildFile; fileRef = 2D5F9395290AF1F40068CA98 /* TitlePreviewViewController.swift */; };
		2D5F9398290AF3FA0068CA98 /* YoutubeSearchResponse.swift in Sources */ = {isa = PBXBuildFile; fileRef = 2D5F9397290AF3FA0068CA98 /* YoutubeSearchResponse.swift */; };
		2DA111D42907847600F4C35C /* AppDelegate.swift in Sources */ = {isa = PBXBuildFile; fileRef = 2DA111D32907847600F4C35C /* AppDelegate.swift */; };
		2DA111D62907847600F4C35C /* SceneDelegate.swift in Sources */ = {isa = PBXBuildFile; fileRef = 2DA111D52907847600F4C35C /* SceneDelegate.swift */; };
		2DA111D82907847600F4C35C /* MainTabBarViewController.swift in Sources */ = {isa = PBXBuildFile; fileRef = 2DA111D72907847600F4C35C /* MainTabBarViewController.swift */; };
		2DA111DD2907847700F4C35C /* Assets.xcassets in Resources */ = {isa = PBXBuildFile; fileRef = 2DA111DC2907847700F4C35C /* Assets.xcassets */; };
		2DA111E02907847700F4C35C /* LaunchScreen.storyboard in Resources */ = {isa = PBXBuildFile; fileRef = 2DA111DE2907847700F4C35C /* LaunchScreen.storyboard */; };
		2DA2D2F2290787E6006C8F54 /* HomeViewController.swift in Sources */ = {isa = PBXBuildFile; fileRef = 2DA2D2F1290787E6006C8F54 /* HomeViewController.swift */; };
		2DA2D2F429078850006C8F54 /* UpcomingViewController.swift in Sources */ = {isa = PBXBuildFile; fileRef = 2DA2D2F329078850006C8F54 /* UpcomingViewController.swift */; };
		2DA2D2F629078882006C8F54 /* SearchViewController.swift in Sources */ = {isa = PBXBuildFile; fileRef = 2DA2D2F529078882006C8F54 /* SearchViewController.swift */; };
		2DA2D2F8290788AE006C8F54 /* DownloadsViewController.swift in Sources */ = {isa = PBXBuildFile; fileRef = 2DA2D2F7290788AE006C8F54 /* DownloadsViewController.swift */; };
		2DA2D2FF290794F0006C8F54 /* CollectionViewTableViewCell.swift in Sources */ = {isa = PBXBuildFile; fileRef = 2DA2D2FE290794F0006C8F54 /* CollectionViewTableViewCell.swift */; };
		2DA2FC8829079EA2005391DF /* HeroHeaderUIView.swift in Sources */ = {isa = PBXBuildFile; fileRef = 2DA2FC8729079EA2005391DF /* HeroHeaderUIView.swift */; };
		2DA2FC8A2907BF2B005391DF /* APICaller.swift in Sources */ = {isa = PBXBuildFile; fileRef = 2DA2FC892907BF2B005391DF /* APICaller.swift */; };
		2DA2FC8E29089727005391DF /* Extensions.swift in Sources */ = {isa = PBXBuildFile; fileRef = 2DA2FC8D29089727005391DF /* Extensions.swift */; };
		2DA2FC9029089D2C005391DF /* Title.swift in Sources */ = {isa = PBXBuildFile; fileRef = 2DA2FC8F29089D2C005391DF /* Title.swift */; };
		2DA2FC922908A02C005391DF /* TitleCollectionViewCell.swift in Sources */ = {isa = PBXBuildFile; fileRef = 2DA2FC912908A02C005391DF /* TitleCollectionViewCell.swift */; };
		2DE4D3152908A8160073EE91 /* SDWebImage in Frameworks */ = {isa = PBXBuildFile; productRef = 2DE4D3142908A8160073EE91 /* SDWebImage */; };
		2DE4D3172908A8160073EE91 /* SDWebImageMapKit in Frameworks */ = {isa = PBXBuildFile; productRef = 2DE4D3162908A8160073EE91 /* SDWebImageMapKit */; };
		2DF09795290B06D2003E6571 /* NetflixCloneModel.xcdatamodeld in Sources */ = {isa = PBXBuildFile; fileRef = 2DF09793290B06D2003E6571 /* NetflixCloneModel.xcdatamodeld */; };
		2DF09797290B083A003E6571 /* DataPersistenceManger.swift in Sources */ = {isa = PBXBuildFile; fileRef = 2DF09796290B083A003E6571 /* DataPersistenceManger.swift */; };
		2DF09799290B0966003E6571 /* PersistenceDataManger.swift in Sources */ = {isa = PBXBuildFile; fileRef = 2DF09798290B0966003E6571 /* PersistenceDataManger.swift */; };
/* End PBXBuildFile section */

/* Begin PBXFileReference section */
		2D5F9387290A631E0068CA98 /* TitleTableViewCell.swift */ = {isa = PBXFileReference; lastKnownFileType = sourcecode.swift; path = TitleTableViewCell.swift; sourceTree = "<group>"; };
		2D5F938B290A63C20068CA98 /* TItlePreviewViewModel.swift */ = {isa = PBXFileReference; lastKnownFileType = sourcecode.swift; path = TItlePreviewViewModel.swift; sourceTree = "<group>"; };
		2D5F938D290A63F20068CA98 /* TitleViewModel.swift */ = {isa = PBXFileReference; lastKnownFileType = sourcecode.swift; path = TitleViewModel.swift; sourceTree = "<group>"; };
		2D5F9393290AEF570068CA98 /* SearchResultsViewController.swift */ = {isa = PBXFileReference; lastKnownFileType = sourcecode.swift; path = SearchResultsViewController.swift; sourceTree = "<group>"; };
		2D5F9395290AF1F40068CA98 /* TitlePreviewViewController.swift */ = {isa = PBXFileReference; lastKnownFileType = sourcecode.swift; path = TitlePreviewViewController.swift; sourceTree = "<group>"; };
		2D5F9397290AF3FA0068CA98 /* YoutubeSearchResponse.swift */ = {isa = PBXFileReference; lastKnownFileType = sourcecode.swift; path = YoutubeSearchResponse.swift; sourceTree = "<group>"; };
		2DA111D02907847600F4C35C /* Netflix_Clone.app */ = {isa = PBXFileReference; explicitFileType = wrapper.application; includeInIndex = 0; path = Netflix_Clone.app; sourceTree = BUILT_PRODUCTS_DIR; };
		2DA111D32907847600F4C35C /* AppDelegate.swift */ = {isa = PBXFileReference; lastKnownFileType = sourcecode.swift; path = AppDelegate.swift; sourceTree = "<group>"; };
		2DA111D52907847600F4C35C /* SceneDelegate.swift */ = {isa = PBXFileReference; lastKnownFileType = sourcecode.swift; path = SceneDelegate.swift; sourceTree = "<group>"; };
		2DA111D72907847600F4C35C /* MainTabBarViewController.swift */ = {isa = PBXFileReference; lastKnownFileType = sourcecode.swift; path = MainTabBarViewController.swift; sourceTree = "<group>"; };
		2DA111DC2907847700F4C35C /* Assets.xcassets */ = {isa = PBXFileReference; lastKnownFileType = folder.assetcatalog; path = Assets.xcassets; sourceTree = "<group>"; };
		2DA111DF2907847700F4C35C /* Base */ = {isa = PBXFileReference; lastKnownFileType = file.storyboard; name = Base; path = Base.lproj/LaunchScreen.storyboard; sourceTree = "<group>"; };
		2DA111E12907847700F4C35C /* Info.plist */ = {isa = PBXFileReference; lastKnownFileType = text.plist.xml; path = Info.plist; sourceTree = "<group>"; };
		2DA2D2F1290787E6006C8F54 /* HomeViewController.swift */ = {isa = PBXFileReference; lastKnownFileType = sourcecode.swift; path = HomeViewController.swift; sourceTree = "<group>"; };
		2DA2D2F329078850006C8F54 /* UpcomingViewController.swift */ = {isa = PBXFileReference; lastKnownFileType = sourcecode.swift; path = UpcomingViewController.swift; sourceTree = "<group>"; };
		2DA2D2F529078882006C8F54 /* SearchViewController.swift */ = {isa = PBXFileReference; lastKnownFileType = sourcecode.swift; path = SearchViewController.swift; sourceTree = "<group>"; };
		2DA2D2F7290788AE006C8F54 /* DownloadsViewController.swift */ = {isa = PBXFileReference; lastKnownFileType = sourcecode.swift; path = DownloadsViewController.swift; sourceTree = "<group>"; };
		2DA2D2FE290794F0006C8F54 /* CollectionViewTableViewCell.swift */ = {isa = PBXFileReference; lastKnownFileType = sourcecode.swift; path = CollectionViewTableViewCell.swift; sourceTree = "<group>"; };
		2DA2FC8729079EA2005391DF /* HeroHeaderUIView.swift */ = {isa = PBXFileReference; lastKnownFileType = sourcecode.swift; path = HeroHeaderUIView.swift; sourceTree = "<group>"; };
		2DA2FC892907BF2B005391DF /* APICaller.swift */ = {isa = PBXFileReference; lastKnownFileType = sourcecode.swift; path = APICaller.swift; sourceTree = "<group>"; };
		2DA2FC8D29089727005391DF /* Extensions.swift */ = {isa = PBXFileReference; lastKnownFileType = sourcecode.swift; path = Extensions.swift; sourceTree = "<group>"; };
		2DA2FC8F29089D2C005391DF /* Title.swift */ = {isa = PBXFileReference; lastKnownFileType = sourcecode.swift; path = Title.swift; sourceTree = "<group>"; };
		2DA2FC912908A02C005391DF /* TitleCollectionViewCell.swift */ = {isa = PBXFileReference; lastKnownFileType = sourcecode.swift; path = TitleCollectionViewCell.swift; sourceTree = "<group>"; };
		2DF09794290B06D2003E6571 /* NetflixCloneModel.xcdatamodel */ = {isa = PBXFileReference; lastKnownFileType = wrapper.xcdatamodel; path = NetflixCloneModel.xcdatamodel; sourceTree = "<group>"; };
		2DF09796290B083A003E6571 /* DataPersistenceManger.swift */ = {isa = PBXFileReference; lastKnownFileType = sourcecode.swift; path = DataPersistenceManger.swift; sourceTree = "<group>"; };
		2DF09798290B0966003E6571 /* PersistenceDataManger.swift */ = {isa = PBXFileReference; lastKnownFileType = sourcecode.swift; path = PersistenceDataManger.swift; sourceTree = "<group>"; };
/* End PBXFileReference section */

/* Begin PBXFrameworksBuildPhase section */
		2DA111CD2907847600F4C35C /* Frameworks */ = {
			isa = PBXFrameworksBuildPhase;
			buildActionMask = 2147483647;
			files = (
				2DE4D3172908A8160073EE91 /* SDWebImageMapKit in Frameworks */,
				2DE4D3152908A8160073EE91 /* SDWebImage in Frameworks */,
			);
			runOnlyForDeploymentPostprocessing = 0;
		};
/* End PBXFrameworksBuildPhase section */

/* Begin PBXGroup section */
		2D5F9391290AEEB10068CA98 /* Core */ = {
			isa = PBXGroup;
			children = (
				2DA111D72907847600F4C35C /* MainTabBarViewController.swift */,
				2DA2D2F1290787E6006C8F54 /* HomeViewController.swift */,
				2DA2D2F329078850006C8F54 /* UpcomingViewController.swift */,
				2DA2D2F7290788AE006C8F54 /* DownloadsViewController.swift */,
				2DA2D2F529078882006C8F54 /* SearchViewController.swift */,
			);
			path = Core;
			sourceTree = "<group>";
		};
		2D5F9392290AEF220068CA98 /* General */ = {
			isa = PBXGroup;
			children = (
				2D5F9393290AEF570068CA98 /* SearchResultsViewController.swift */,
				2D5F9395290AF1F40068CA98 /* TitlePreviewViewController.swift */,
			);
			path = General;
			sourceTree = "<group>";
		};
		2DA111C72907847600F4C35C = {
			isa = PBXGroup;
			children = (
				2DA111D22907847600F4C35C /* Netflix_Clone */,
				2DA111D12907847600F4C35C /* Products */,
			);
			sourceTree = "<group>";
		};
		2DA111D12907847600F4C35C /* Products */ = {
			isa = PBXGroup;
			children = (
				2DA111D02907847600F4C35C /* Netflix_Clone.app */,
			);
			name = Products;
			sourceTree = "<group>";
		};
		2DA111D22907847600F4C35C /* Netflix_Clone */ = {
			isa = PBXGroup;
			children = (
				2DA2D2FD290794A5006C8F54 /* Managers */,
				2DA2D2FC2907949C006C8F54 /* Resources */,
				2DA2D2FB29079481006C8F54 /* Models */,
				2DA2D2FA29079477006C8F54 /* ViewModels */,
				2DA2D2F929079469006C8F54 /* Views */,
				2DA2D2F029078793006C8F54 /* Controllers */,
				2DA111DC2907847700F4C35C /* Assets.xcassets */,
				2DA111DE2907847700F4C35C /* LaunchScreen.storyboard */,
				2DA111E12907847700F4C35C /* Info.plist */,
				2DF09793290B06D2003E6571 /* NetflixCloneModel.xcdatamodeld */,
			);
			path = Netflix_Clone;
			sourceTree = "<group>";
		};
		2DA2D2F029078793006C8F54 /* Controllers */ = {
			isa = PBXGroup;
			children = (
				2D5F9392290AEF220068CA98 /* General */,
				2D5F9391290AEEB10068CA98 /* Core */,
			);
			path = Controllers;
			sourceTree = "<group>";
		};
		2DA2D2F929079469006C8F54 /* Views */ = {
			isa = PBXGroup;
			children = (
				2DA2D2FE290794F0006C8F54 /* CollectionViewTableViewCell.swift */,
				2DA2FC8729079EA2005391DF /* HeroHeaderUIView.swift */,
				2DA2FC912908A02C005391DF /* TitleCollectionViewCell.swift */,
				2D5F9387290A631E0068CA98 /* TitleTableViewCell.swift */,
			);
			path = Views;
			sourceTree = "<group>";
		};
		2DA2D2FA29079477006C8F54 /* ViewModels */ = {
			isa = PBXGroup;
			children = (
				2D5F938B290A63C20068CA98 /* TItlePreviewViewModel.swift */,
				2D5F938D290A63F20068CA98 /* TitleViewModel.swift */,
			);
			path = ViewModels;
			sourceTree = "<group>";
		};
		2DA2D2FB29079481006C8F54 /* Models */ = {
			isa = PBXGroup;
			children = (
				2DA2FC8F29089D2C005391DF /* Title.swift */,
				2D5F9397290AF3FA0068CA98 /* YoutubeSearchResponse.swift */,
			);
			path = Models;
			sourceTree = "<group>";
		};
		2DA2D2FC2907949C006C8F54 /* Resources */ = {
			isa = PBXGroup;
			children = (
				2DA2FC8D29089727005391DF /* Extensions.swift */,
				2DA111D32907847600F4C35C /* AppDelegate.swift */,
				2DA111D52907847600F4C35C /* SceneDelegate.swift */,
			);
			path = Resources;
			sourceTree = "<group>";
		};
		2DA2D2FD290794A5006C8F54 /* Managers */ = {
			isa = PBXGroup;
			children = (
				2DA2FC892907BF2B005391DF /* APICaller.swift */,
				2DF09796290B083A003E6571 /* DataPersistenceManger.swift */,
				2DF09798290B0966003E6571 /* PersistenceDataManger.swift */,
			);
			path = Managers;
			sourceTree = "<group>";
		};
/* End PBXGroup section */

/* Begin PBXNativeTarget section */
		2DA111CF2907847600F4C35C /* Netflix_Clone */ = {
			isa = PBXNativeTarget;
			buildConfigurationList = 2DA111E42907847700F4C35C /* Build configuration list for PBXNativeTarget "Netflix_Clone" */;
			buildPhases = (
				2DA111CC2907847600F4C35C /* Sources */,
				2DA111CD2907847600F4C35C /* Frameworks */,
				2DA111CE2907847600F4C35C /* Resources */,
			);
			buildRules = (
			);
			dependencies = (
			);
			name = Netflix_Clone;
			packageProductDependencies = (
				2DE4D3142908A8160073EE91 /* SDWebImage */,
				2DE4D3162908A8160073EE91 /* SDWebImageMapKit */,
			);
			productName = Netflix_Clone;
			productReference = 2DA111D02907847600F4C35C /* Netflix_Clone.app */;
			productType = "com.apple.product-type.application";
		};
/* End PBXNativeTarget section */

/* Begin PBXProject section */
		2DA111C82907847600F4C35C /* Project object */ = {
			isa = PBXProject;
			attributes = {
				BuildIndependentTargetsInParallel = 1;
				LastSwiftUpdateCheck = 1400;
				LastUpgradeCheck = 1400;
				TargetAttributes = {
					2DA111CF2907847600F4C35C = {
						CreatedOnToolsVersion = 14.0.1;
					};
				};
			};
			buildConfigurationList = 2DA111CB2907847600F4C35C /* Build configuration list for PBXProject "Netflix_Clone" */;
			compatibilityVersion = "Xcode 14.0";
			developmentRegion = en;
			hasScannedForEncodings = 0;
			knownRegions = (
				en,
				Base,
			);
			mainGroup = 2DA111C72907847600F4C35C;
			packageReferences = (
				2DE4D3132908A8160073EE91 /* XCRemoteSwiftPackageReference "SDWebImage" */,
			);
			productRefGroup = 2DA111D12907847600F4C35C /* Products */;
			projectDirPath = "";
			projectRoot = "";
			targets = (
				2DA111CF2907847600F4C35C /* Netflix_Clone */,
			);
		};
/* End PBXProject section */

/* Begin PBXResourcesBuildPhase section */
		2DA111CE2907847600F4C35C /* Resources */ = {
			isa = PBXResourcesBuildPhase;
			buildActionMask = 2147483647;
			files = (
				2DA111E02907847700F4C35C /* LaunchScreen.storyboard in Resources */,
				2DA111DD2907847700F4C35C /* Assets.xcassets in Resources */,
			);
			runOnlyForDeploymentPostprocessing = 0;
		};
/* End PBXResourcesBuildPhase section */

/* Begin PBXSourcesBuildPhase section */
		2DA111CC2907847600F4C35C /* Sources */ = {
			isa = PBXSourcesBuildPhase;
			buildActionMask = 2147483647;
			files = (
				2D5F9388290A631E0068CA98 /* TitleTableViewCell.swift in Sources */,
				2DF09797290B083A003E6571 /* DataPersistenceManger.swift in Sources */,
				2D5F9394290AEF570068CA98 /* SearchResultsViewController.swift in Sources */,
				2DA2D2F629078882006C8F54 /* SearchViewController.swift in Sources */,
				2D5F9398290AF3FA0068CA98 /* YoutubeSearchResponse.swift in Sources */,
				2DA2FC922908A02C005391DF /* TitleCollectionViewCell.swift in Sources */,
				2DA111D82907847600F4C35C /* MainTabBarViewController.swift in Sources */,
				2DF09799290B0966003E6571 /* PersistenceDataManger.swift in Sources */,
				2DF09795290B06D2003E6571 /* NetflixCloneModel.xcdatamodeld in Sources */,
				2DA2D2FF290794F0006C8F54 /* CollectionViewTableViewCell.swift in Sources */,
				2D5F938C290A63C20068CA98 /* TItlePreviewViewModel.swift in Sources */,
				2DA2FC8A2907BF2B005391DF /* APICaller.swift in Sources */,
				2DA2FC9029089D2C005391DF /* Title.swift in Sources */,
				2D5F938E290A63F20068CA98 /* TitleViewModel.swift in Sources */,
				2DA2FC8829079EA2005391DF /* HeroHeaderUIView.swift in Sources */,
				2DA111D42907847600F4C35C /* AppDelegate.swift in Sources */,
				2DA2D2F8290788AE006C8F54 /* DownloadsViewController.swift in Sources */,
				2DA2FC8E29089727005391DF /* Extensions.swift in Sources */,
				2D5F9396290AF1F40068CA98 /* TitlePreviewViewController.swift in Sources */,
				2DA111D62907847600F4C35C /* SceneDelegate.swift in Sources */,
				2DA2D2F429078850006C8F54 /* UpcomingViewController.swift in Sources */,
				2DA2D2F2290787E6006C8F54 /* HomeViewController.swift in Sources */,
			);
			runOnlyForDeploymentPostprocessing = 0;
		};
/* End PBXSourcesBuildPhase section */

/* Begin PBXVariantGroup section */
		2DA111DE2907847700F4C35C /* LaunchScreen.storyboard */ = {
			isa = PBXVariantGroup;
			children = (
				2DA111DF2907847700F4C35C /* Base */,
			);
			name = LaunchScreen.storyboard;
			sourceTree = "<group>";
		};
/* End PBXVariantGroup section */

/* Begin XCBuildConfiguration section */
		2DA111E22907847700F4C35C /* Debug */ = {
			isa = XCBuildConfiguration;
			buildSettings = {
				ALWAYS_SEARCH_USER_PATHS = NO;
				CLANG_ANALYZER_NONNULL = YES;
				CLANG_ANALYZER_NUMBER_OBJECT_CONVERSION = YES_AGGRESSIVE;
				CLANG_CXX_LANGUAGE_STANDARD = "gnu++20";
				CLANG_ENABLE_MODULES = YES;
				CLANG_ENABLE_OBJC_ARC = YES;
				CLANG_ENABLE_OBJC_WEAK = YES;
				CLANG_WARN_BLOCK_CAPTURE_AUTORELEASING = YES;
				CLANG_WARN_BOOL_CONVERSION = YES;
				CLANG_WARN_COMMA = YES;
				CLANG_WARN_CONSTANT_CONVERSION = YES;
				CLANG_WARN_DEPRECATED_OBJC_IMPLEMENTATIONS = YES;
				CLANG_WARN_DIRECT_OBJC_ISA_USAGE = YES_ERROR;
				CLANG_WARN_DOCUMENTATION_COMMENTS = YES;
				CLANG_WARN_EMPTY_BODY = YES;
				CLANG_WARN_ENUM_CONVERSION = YES;
				CLANG_WARN_INFINITE_RECURSION = YES;
				CLANG_WARN_INT_CONVERSION = YES;
				CLANG_WARN_NON_LITERAL_NULL_CONVERSION = YES;
				CLANG_WARN_OBJC_IMPLICIT_RETAIN_SELF = YES;
				CLANG_WARN_OBJC_LITERAL_CONVERSION = YES;
				CLANG_WARN_OBJC_ROOT_CLASS = YES_ERROR;
				CLANG_WARN_QUOTED_INCLUDE_IN_FRAMEWORK_HEADER = YES;
				CLANG_WARN_RANGE_LOOP_ANALYSIS = YES;
				CLANG_WARN_STRICT_PROTOTYPES = YES;
				CLANG_WARN_SUSPICIOUS_MOVE = YES;
				CLANG_WARN_UNGUARDED_AVAILABILITY = YES_AGGRESSIVE;
				CLANG_WARN_UNREACHABLE_CODE = YES;
				CLANG_WARN__DUPLICATE_METHOD_MATCH = YES;
				COPY_PHASE_STRIP = NO;
				DEBUG_INFORMATION_FORMAT = dwarf;
				ENABLE_STRICT_OBJC_MSGSEND = YES;
				ENABLE_TESTABILITY = YES;
				GCC_C_LANGUAGE_STANDARD = gnu11;
				GCC_DYNAMIC_NO_PIC = NO;
				GCC_NO_COMMON_BLOCKS = YES;
				GCC_OPTIMIZATION_LEVEL = 0;
				GCC_PREPROCESSOR_DEFINITIONS = (
					"DEBUG=1",
					"$(inherited)",
				);
				GCC_WARN_64_TO_32_BIT_CONVERSION = YES;
				GCC_WARN_ABOUT_RETURN_TYPE = YES_ERROR;
				GCC_WARN_UNDECLARED_SELECTOR = YES;
				GCC_WARN_UNINITIALIZED_AUTOS = YES_AGGRESSIVE;
				GCC_WARN_UNUSED_FUNCTION = YES;
				GCC_WARN_UNUSED_VARIABLE = YES;
				IPHONEOS_DEPLOYMENT_TARGET = 16.0;
				MTL_ENABLE_DEBUG_INFO = INCLUDE_SOURCE;
				MTL_FAST_MATH = YES;
				ONLY_ACTIVE_ARCH = YES;
				SDKROOT = iphoneos;
				SWIFT_ACTIVE_COMPILATION_CONDITIONS = DEBUG;
				SWIFT_OPTIMIZATION_LEVEL = "-Onone";
			};
			name = Debug;
		};
		2DA111E32907847700F4C35C /* Release */ = {
			isa = XCBuildConfiguration;
			buildSettings = {
				ALWAYS_SEARCH_USER_PATHS = NO;
				CLANG_ANALYZER_NONNULL = YES;
				CLANG_ANALYZER_NUMBER_OBJECT_CONVERSION = YES_AGGRESSIVE;
				CLANG_CXX_LANGUAGE_STANDARD = "gnu++20";
				CLANG_ENABLE_MODULES = YES;
				CLANG_ENABLE_OBJC_ARC = YES;
				CLANG_ENABLE_OBJC_WEAK = YES;
				CLANG_WARN_BLOCK_CAPTURE_AUTORELEASING = YES;
				CLANG_WARN_BOOL_CONVERSION = YES;
				CLANG_WARN_COMMA = YES;
				CLANG_WARN_CONSTANT_CONVERSION = YES;
				CLANG_WARN_DEPRECATED_OBJC_IMPLEMENTATIONS = YES;
				CLANG_WARN_DIRECT_OBJC_ISA_USAGE = YES_ERROR;
				CLANG_WARN_DOCUMENTATION_COMMENTS = YES;
				CLANG_WARN_EMPTY_BODY = YES;
				CLANG_WARN_ENUM_CONVERSION = YES;
				CLANG_WARN_INFINITE_RECURSION = YES;
				CLANG_WARN_INT_CONVERSION = YES;
				CLANG_WARN_NON_LITERAL_NULL_CONVERSION = YES;
				CLANG_WARN_OBJC_IMPLICIT_RETAIN_SELF = YES;
				CLANG_WARN_OBJC_LITERAL_CONVERSION = YES;
				CLANG_WARN_OBJC_ROOT_CLASS = YES_ERROR;
				CLANG_WARN_QUOTED_INCLUDE_IN_FRAMEWORK_HEADER = YES;
				CLANG_WARN_RANGE_LOOP_ANALYSIS = YES;
				CLANG_WARN_STRICT_PROTOTYPES = YES;
				CLANG_WARN_SUSPICIOUS_MOVE = YES;
				CLANG_WARN_UNGUARDED_AVAILABILITY = YES_AGGRESSIVE;
				CLANG_WARN_UNREACHABLE_CODE = YES;
				CLANG_WARN__DUPLICATE_METHOD_MATCH = YES;
				COPY_PHASE_STRIP = NO;
				DEBUG_INFORMATION_FORMAT = "dwarf-with-dsym";
				ENABLE_NS_ASSERTIONS = NO;
				ENABLE_STRICT_OBJC_MSGSEND = YES;
				GCC_C_LANGUAGE_STANDARD = gnu11;
				GCC_NO_COMMON_BLOCKS = YES;
				GCC_WARN_64_TO_32_BIT_CONVERSION = YES;
				GCC_WARN_ABOUT_RETURN_TYPE = YES_ERROR;
				GCC_WARN_UNDECLARED_SELECTOR = YES;
				GCC_WARN_UNINITIALIZED_AUTOS = YES_AGGRESSIVE;
				GCC_WARN_UNUSED_FUNCTION = YES;
				GCC_WARN_UNUSED_VARIABLE = YES;
				IPHONEOS_DEPLOYMENT_TARGET = 16.0;
				MTL_ENABLE_DEBUG_INFO = NO;
				MTL_FAST_MATH = YES;
				SDKROOT = iphoneos;
				SWIFT_COMPILATION_MODE = wholemodule;
				SWIFT_OPTIMIZATION_LEVEL = "-O";
				VALIDATE_PRODUCT = YES;
			};
			name = Release;
		};
		2DA111E52907847700F4C35C /* Debug */ = {
			isa = XCBuildConfiguration;
			buildSettings = {
				ASSETCATALOG_COMPILER_APPICON_NAME = AppIcon;
				ASSETCATALOG_COMPILER_GLOBAL_ACCENT_COLOR_NAME = AccentColor;
				CODE_SIGN_STYLE = Automatic;
				CURRENT_PROJECT_VERSION = 1;
				DEVELOPMENT_TEAM = 352ND8323Z;
				GENERATE_INFOPLIST_FILE = YES;
				INFOPLIST_FILE = Netflix_Clone/Info.plist;
				INFOPLIST_KEY_UIApplicationSupportsIndirectInputEvents = YES;
				INFOPLIST_KEY_UILaunchStoryboardName = LaunchScreen;
				INFOPLIST_KEY_UISupportedInterfaceOrientations_iPad = "UIInterfaceOrientationPortrait UIInterfaceOrientationPortraitUpsideDown UIInterfaceOrientationLandscapeLeft UIInterfaceOrientationLandscapeRight";
				INFOPLIST_KEY_UISupportedInterfaceOrientations_iPhone = "UIInterfaceOrientationPortrait UIInterfaceOrientationLandscapeLeft UIInterfaceOrientationLandscapeRight";
				LD_RUNPATH_SEARCH_PATHS = (
					"$(inherited)",
					"@executable_path/Frameworks",
				);
				MARKETING_VERSION = 1.0;
				PRODUCT_BUNDLE_IDENTIFIER = "gchengzhan.Netflix-Clone";
				PRODUCT_NAME = "$(TARGET_NAME)";
				SWIFT_EMIT_LOC_STRINGS = YES;
				SWIFT_VERSION = 5.0;
				TARGETED_DEVICE_FAMILY = "1,2";
			};
			name = Debug;
		};
		2DA111E62907847700F4C35C /* Release */ = {
			isa = XCBuildConfiguration;
			buildSettings = {
				ASSETCATALOG_COMPILER_APPICON_NAME = AppIcon;
				ASSETCATALOG_COMPILER_GLOBAL_ACCENT_COLOR_NAME = AccentColor;
				CODE_SIGN_STYLE = Automatic;
				CURRENT_PROJECT_VERSION = 1;
				DEVELOPMENT_TEAM = 352ND8323Z;
				GENERATE_INFOPLIST_FILE = YES;
				INFOPLIST_FILE = Netflix_Clone/Info.plist;
				INFOPLIST_KEY_UIApplicationSupportsIndirectInputEvents = YES;
				INFOPLIST_KEY_UILaunchStoryboardName = LaunchScreen;
				INFOPLIST_KEY_UISupportedInterfaceOrientations_iPad = "UIInterfaceOrientationPortrait UIInterfaceOrientationPortraitUpsideDown UIInterfaceOrientationLandscapeLeft UIInterfaceOrientationLandscapeRight";
				INFOPLIST_KEY_UISupportedInterfaceOrientations_iPhone = "UIInterfaceOrientationPortrait UIInterfaceOrientationLandscapeLeft UIInterfaceOrientationLandscapeRight";
				LD_RUNPATH_SEARCH_PATHS = (
					"$(inherited)",
					"@executable_path/Frameworks",
				);
				MARKETING_VERSION = 1.0;
				PRODUCT_BUNDLE_IDENTIFIER = "gchengzhan.Netflix-Clone";
				PRODUCT_NAME = "$(TARGET_NAME)";
				SWIFT_EMIT_LOC_STRINGS = YES;
				SWIFT_VERSION = 5.0;
				TARGETED_DEVICE_FAMILY = "1,2";
			};
			name = Release;
		};
/* End XCBuildConfiguration section */

/* Begin XCConfigurationList section */
		2DA111CB2907847600F4C35C /* Build configuration list for PBXProject "Netflix_Clone" */ = {
			isa = XCConfigurationList;
			buildConfigurations = (
				2DA111E22907847700F4C35C /* Debug */,
				2DA111E32907847700F4C35C /* Release */,
			);
			defaultConfigurationIsVisible = 0;
			defaultConfigurationName = Release;
		};
		2DA111E42907847700F4C35C /* Build configuration list for PBXNativeTarget "Netflix_Clone" */ = {
			isa = XCConfigurationList;
			buildConfigurations = (
				2DA111E52907847700F4C35C /* Debug */,
				2DA111E62907847700F4C35C /* Release */,
			);
			defaultConfigurationIsVisible = 0;
			defaultConfigurationName = Release;
		};
/* End XCConfigurationList section */

/* Begin XCRemoteSwiftPackageReference section */
		2DE4D3132908A8160073EE91 /* XCRemoteSwiftPackageReference "SDWebImage" */ = {
			isa = XCRemoteSwiftPackageReference;
			repositoryURL = "https://github.com/SDWebImage/SDWebImage.git";
			requirement = {
				branch = master;
				kind = branch;
			};
		};
/* End XCRemoteSwiftPackageReference section */

/* Begin XCSwiftPackageProductDependency section */
		2DE4D3142908A8160073EE91 /* SDWebImage */ = {
			isa = XCSwiftPackageProductDependency;
			package = 2DE4D3132908A8160073EE91 /* XCRemoteSwiftPackageReference "SDWebImage" */;
			productName = SDWebImage;
		};
		2DE4D3162908A8160073EE91 /* SDWebImageMapKit */ = {
			isa = XCSwiftPackageProductDependency;
			package = 2DE4D3132908A8160073EE91 /* XCRemoteSwiftPackageReference "SDWebImage" */;
			productName = SDWebImageMapKit;
		};
/* End XCSwiftPackageProductDependency section */

/* Begin XCVersionGroup section */
		2DF09793290B06D2003E6571 /* NetflixCloneModel.xcdatamodeld */ = {
			isa = XCVersionGroup;
			children = (
				2DF09794290B06D2003E6571 /* NetflixCloneModel.xcdatamodel */,
			);
			currentVersion = 2DF09794290B06D2003E6571 /* NetflixCloneModel.xcdatamodel */;
			path = NetflixCloneModel.xcdatamodeld;
			sourceTree = "<group>";
			versionGroupType = wrapper.xcdatamodel;
		};
/* End XCVersionGroup section */
	};
	rootObject = 2DA111C82907847600F4C35C /* Project object */;
}
